
Microsoft Visual Studio Solution File, Format Version 12.00
# Visual Studio Version 17
VisualStudioVersion = 17.2.32630.192
MinimumVisualStudioVersion = 10.0.40219.1
Project("{FAE04EC0-301F-11D3-BF4B-00C04F79EFBC}") = "Week15Project", "Week15Project.csproj", "{C4F729E9-44AD-4DD9-B2F2-A056B08C38F8}"
EndProject
Global
	GlobalSection(SolutionConfigurationPlatforms) = preSolution
		Debug|Any CPU = Debug|Any CPU
		Release|Any CPU = Release|Any CPU
	EndGlobalSection
	GlobalSection(ProjectConfigurationPlatforms) = postSolution
		{C4F729E9-44AD-4DD9-B2F2-A056B08C38F8}.Debug|Any CPU.ActiveCfg = Debug|Any CPU
		{C4F729E9-44AD-4DD9-B2F2-A056B08C38F8}.Debug|Any CPU.Build.0 = Debug|Any CPU
		{C4F729E9-44AD-4DD9-B2F2-A056B08C38F8}.Release|Any CPU.ActiveCfg = Release|Any CPU
		{C4F729E9-44AD-4DD9-B2F2-A056B08C38F8}.Release|Any CPU.Build.0 = Release|Any CPU
	EndGlobalSection
	GlobalSection(SolutionProperties) = preSolution
		HideSolutionNode = FALSE
	EndGlobalSection
	GlobalSection(ExtensibilityGlobals) = postSolution
		SolutionGuid = {DCC896BE-E5C6-4DED-B7CE-D365508F78D5}
	EndGlobalSection
EndGlobal
